
Microsoft Visual Studio Solution File, Format Version 12.00
# Visual Studio Version 17
VisualStudioVersion = 17.4.33110.190
MinimumVisualStudioVersion = 10.0.40219.1
Project("{FAE04EC0-301F-11D3-BF4B-00C04F79EFBC}") = "WebApp2", "WebApp2\WebApp2.csproj", "{49D4421A-C617-46BC-95B9-D84C88E0B8E1}"
EndProject
Global
	GlobalSection(SolutionConfigurationPlatforms) = preSolution
		Debug|Any CPU = Debug|Any CPU
		Release|Any CPU = Release|Any CPU
	EndGlobalSection
	GlobalSection(ProjectConfigurationPlatforms) = postSolution
		{49D4421A-C617-46BC-95B9-D84C88E0B8E1}.Debug|Any CPU.ActiveCfg = Debug|Any CPU
		{49D4421A-C617-46BC-95B9-D84C88E0B8E1}.Debug|Any CPU.Build.0 = Debug|Any CPU
		{49D4421A-C617-46BC-95B9-D84C88E0B8E1}.Release|Any CPU.ActiveCfg = Release|Any CPU
		{49D4421A-C617-46BC-95B9-D84C88E0B8E1}.Release|Any CPU.Build.0 = Release|Any CPU
	EndGlobalSection
	GlobalSection(SolutionProperties) = preSolution
		HideSolutionNode = FALSE
	EndGlobalSection
	GlobalSection(ExtensibilityGlobals) = postSolution
		SolutionGuid = {BC373E00-9A02-4A24-9607-649C9C6A6C6C}
	EndGlobalSection
EndGlobal
